
Microsoft Visual Studio Solution File, Format Version 12.00
# Visual Studio Version 16
VisualStudioVersion = 16.0.30225.117
MinimumVisualStudioVersion = 10.0.40219.1
Project("{FAE04EC0-301F-11D3-BF4B-00C04F79EFBC}") = "FitBulliq csharp", "FitBulliq csharp\FitBulliq csharp.csproj", "{06B1FEEB-C247-4196-A55F-BCDE10CAF718}"
EndProject
Global
	GlobalSection(SolutionConfigurationPlatforms) = preSolution
		Debug|Any CPU = Debug|Any CPU
		Release|Any CPU = Release|Any CPU
	EndGlobalSection
	GlobalSection(ProjectConfigurationPlatforms) = postSolution
		{06B1FEEB-C247-4196-A55F-BCDE10CAF718}.Debug|Any CPU.ActiveCfg = Debug|Any CPU
		{06B1FEEB-C247-4196-A55F-BCDE10CAF718}.Debug|Any CPU.Build.0 = Debug|Any CPU
		{06B1FEEB-C247-4196-A55F-BCDE10CAF718}.Release|Any CPU.ActiveCfg = Release|Any CPU
		{06B1FEEB-C247-4196-A55F-BCDE10CAF718}.Release|Any CPU.Build.0 = Release|Any CPU
	EndGlobalSection
	GlobalSection(SolutionProperties) = preSolution
		HideSolutionNode = FALSE
	EndGlobalSection
	GlobalSection(ExtensibilityGlobals) = postSolution
		SolutionGuid = {68EEC6AA-1944-4561-AD00-8CFDD4DD79AC}
	EndGlobalSection
EndGlobal
